
Microsoft Visual Studio Solution File, Format Version 12.00
# Visual Studio Version 16
VisualStudioVersion = 16.0.29709.97
MinimumVisualStudioVersion = 10.0.40219.1
Project("{9A19103F-16F7-4668-BE54-9A1E7A4F7556}") = "PlinxHub.API", "PlinxHub\PlinxHub.API.csproj", "{0AC3E837-6D42-4316-BC52-A0BF3FFA88D5}"
EndProject
Project("{9A19103F-16F7-4668-BE54-9A1E7A4F7556}") = "PlinxHub.Service", "PlinxHub.Domain\PlinxHub.Service.csproj", "{ECDEC9E7-ABD6-4B31-83CF-090D28E1B71E}"
EndProject
Project("{9A19103F-16F7-4668-BE54-9A1E7A4F7556}") = "PlinxHub.Infrastructure", "PlinxHub.Infrastructure\PlinxHub.Infrastructure.csproj", "{89487214-093F-4E19-9B10-B17374D91913}"
EndProject
Project("{9A19103F-16F7-4668-BE54-9A1E7A4F7556}") = "PlinxHub.Tests", "PlinxHub.Tests\PlinxHub.Tests.csproj", "{99D405B8-84AA-4878-A5B3-4FBF3AC9DB8B}"
EndProject
Project("{FAE04EC0-301F-11D3-BF4B-00C04F79EFBC}") = "PlinxHub.Common", "PlinxHub.Common\PlinxHub.Common.csproj", "{0E847389-2FCC-461D-BC23-73A42BDEC727}"
EndProject
Global
	GlobalSection(SolutionConfigurationPlatforms) = preSolution
		Debug|Any CPU = Debug|Any CPU
		Release|Any CPU = Release|Any CPU
	EndGlobalSection
	GlobalSection(ProjectConfigurationPlatforms) = postSolution
		{0AC3E837-6D42-4316-BC52-A0BF3FFA88D5}.Debug|Any CPU.ActiveCfg = Debug|Any CPU
		{0AC3E837-6D42-4316-BC52-A0BF3FFA88D5}.Debug|Any CPU.Build.0 = Debug|Any CPU
		{0AC3E837-6D42-4316-BC52-A0BF3FFA88D5}.Release|Any CPU.ActiveCfg = Release|Any CPU
		{0AC3E837-6D42-4316-BC52-A0BF3FFA88D5}.Release|Any CPU.Build.0 = Release|Any CPU
		{ECDEC9E7-ABD6-4B31-83CF-090D28E1B71E}.Debug|Any CPU.ActiveCfg = Debug|Any CPU
		{ECDEC9E7-ABD6-4B31-83CF-090D28E1B71E}.Debug|Any CPU.Build.0 = Debug|Any CPU
		{ECDEC9E7-ABD6-4B31-83CF-090D28E1B71E}.Release|Any CPU.ActiveCfg = Release|Any CPU
		{ECDEC9E7-ABD6-4B31-83CF-090D28E1B71E}.Release|Any CPU.Build.0 = Release|Any CPU
		{89487214-093F-4E19-9B10-B17374D91913}.Debug|Any CPU.ActiveCfg = Debug|Any CPU
		{89487214-093F-4E19-9B10-B17374D91913}.Debug|Any CPU.Build.0 = Debug|Any CPU
		{89487214-093F-4E19-9B10-B17374D91913}.Release|Any CPU.ActiveCfg = Release|Any CPU
		{89487214-093F-4E19-9B10-B17374D91913}.Release|Any CPU.Build.0 = Release|Any CPU
		{99D405B8-84AA-4878-A5B3-4FBF3AC9DB8B}.Debug|Any CPU.ActiveCfg = Debug|Any CPU
		{99D405B8-84AA-4878-A5B3-4FBF3AC9DB8B}.Debug|Any CPU.Build.0 = Debug|Any CPU
		{99D405B8-84AA-4878-A5B3-4FBF3AC9DB8B}.Release|Any CPU.ActiveCfg = Release|Any CPU
		{99D405B8-84AA-4878-A5B3-4FBF3AC9DB8B}.Release|Any CPU.Build.0 = Release|Any CPU
		{0E847389-2FCC-461D-BC23-73A42BDEC727}.Debug|Any CPU.ActiveCfg = Debug|Any CPU
		{0E847389-2FCC-461D-BC23-73A42BDEC727}.Debug|Any CPU.Build.0 = Debug|Any CPU
		{0E847389-2FCC-461D-BC23-73A42BDEC727}.Release|Any CPU.ActiveCfg = Release|Any CPU
		{0E847389-2FCC-461D-BC23-73A42BDEC727}.Release|Any CPU.Build.0 = Release|Any CPU
	EndGlobalSection
	GlobalSection(SolutionProperties) = preSolution
		HideSolutionNode = FALSE
	EndGlobalSection
	GlobalSection(ExtensibilityGlobals) = postSolution
		SolutionGuid = {BDAD2F83-4D15-4B6F-AD54-20D8123DACDF}
	EndGlobalSection
EndGlobal
